
Microsoft Visual Studio Solution File, Format Version 12.00
# Visual Studio Version 16
VisualStudioVersion = 16.0.30204.135
MinimumVisualStudioVersion = 10.0.40219.1
Project("{FAE04EC0-301F-11D3-BF4B-00C04F79EFBC}") = "test_Kunc", "test_Kunc\test_Kunc.csproj", "{6BD31AFB-C4FD-44D1-BEC0-AD733166A8D9}"
EndProject
Global
	GlobalSection(SolutionConfigurationPlatforms) = preSolution
		Debug|Any CPU = Debug|Any CPU
		Release|Any CPU = Release|Any CPU
	EndGlobalSection
	GlobalSection(ProjectConfigurationPlatforms) = postSolution
		{6BD31AFB-C4FD-44D1-BEC0-AD733166A8D9}.Debug|Any CPU.ActiveCfg = Debug|Any CPU
		{6BD31AFB-C4FD-44D1-BEC0-AD733166A8D9}.Debug|Any CPU.Build.0 = Debug|Any CPU
		{6BD31AFB-C4FD-44D1-BEC0-AD733166A8D9}.Release|Any CPU.ActiveCfg = Release|Any CPU
		{6BD31AFB-C4FD-44D1-BEC0-AD733166A8D9}.Release|Any CPU.Build.0 = Release|Any CPU
	EndGlobalSection
	GlobalSection(SolutionProperties) = preSolution
		HideSolutionNode = FALSE
	EndGlobalSection
	GlobalSection(ExtensibilityGlobals) = postSolution
		SolutionGuid = {6C23A042-6AFC-4E9B-80B1-DFDAE1AA2AFC}
	EndGlobalSection
EndGlobal
